{
    "clue/stream-filter": {
        "version": "v1.4.1"
    },
    "doctrine/inflector": {
        "version": "1.4.3"
    },
    "doctrine/lexer": {
        "version": "1.2.1"
    },
    "egulias/email-validator": {
        "version": "2.1.18"
    },
    "guzzlehttp/promises": {
        "version": "v1.3.1"
    },
    "guzzlehttp/psr7": {
        "version": "1.6.1"
    },
    "jean85/pretty-package-versions": {
        "version": "1.5.0"
    },
    "laminas/laminas-escaper": {
        "version": "2.8.0"
    },
    "laminas/laminas-feed": {
        "version": "2.14.1"
    },
    "laminas/laminas-stdlib": {
        "version": "3.4.0"
    },
    "maxmind-db/reader": {
        "version": "v1.7.0"
    },
    "monolog/monolog": {
        "version": "2.1.0"
    },
    "nikic/php-parser": {
        "version": "v4.6.0"
    },
    "nyholm/psr7": {
        "version": "1.0",
        "recipe": {
            "repo": "github.com/symfony/recipes",
            "branch": "master",
            "version": "1.0",
            "ref": "7c0a9352a57376f04f5444e74565102c3a23d0c7"
        },
        "files": [
            "config/packages/nyholm_psr7.yaml"
        ]
    },
    "php-http/client-common": {
        "version": "2.3.0"
    },
    "php-http/discovery": {
        "version": "1.9.1"
    },
    "php-http/httplug": {
        "version": "2.2.0"
    },
    "php-http/message": {
        "version": "1.8.0"
    },
    "php-http/message-factory": {
        "version": "v1.0.2"
    },
    "php-http/promise": {
        "version": "1.1.0"
    },
    "psr/cache": {
        "version": "1.0.1"
    },
    "psr/container": {
        "version": "1.0.0"
    },
    "psr/event-dispatcher": {
        "version": "1.0.0"
    },
    "psr/http-client": {
        "version": "1.0.1"
    },
    "psr/http-factory": {
        "version": "1.0.1"
    },
    "psr/http-message": {
        "version": "1.0.1"
    },
    "psr/log": {
        "version": "1.1.3"
    },
    "ralouphie/getallheaders": {
        "version": "3.0.3"
    },
    "sentry/sentry": {
        "version": "2.4.1"
    },
    "sentry/sentry-symfony": {
        "version": "4.14",
        "recipe": {
            "repo": "github.com/symfony/recipes-contrib",
            "branch": "main",
            "version": "4.6",
            "ref": "9ce177d985f35c9d2a29478fa1de79b7749ee3bf"
        }
    },
    "symfony/asset": {
        "version": "v5.1.2"
    },
    "symfony/browser-kit": {
        "version": "v5.1.2"
    },
    "symfony/cache": {
        "version": "v5.1.2"
    },
    "symfony/cache-contracts": {
        "version": "v2.1.3"
    },
    "symfony/config": {
        "version": "v5.1.2"
    },
    "symfony/console": {
        "version": "5.1",
        "recipe": {
            "repo": "github.com/symfony/recipes",
            "branch": "master",
            "version": "5.1",
            "ref": "c6d02bdfba9da13c22157520e32a602dbee8a75c"
        },
        "files": [
            "bin/console"
        ]
    },
    "symfony/css-selector": {
        "version": "v5.1.2"
    },
    "symfony/debug-bundle": {
        "version": "6.2",
        "recipe": {
            "repo": "github.com/symfony/recipes",
            "branch": "main",
            "version": "5.3",
            "ref": "5aa8aa48234c8eb6dbdd7b3cd5d791485d2cec4b"
        },
        "files": [
            "config/packages/debug.yaml"
        ]
    },
    "symfony/dependency-injection": {
        "version": "v5.1.2"
    },
    "symfony/deprecation-contracts": {
        "version": "v2.1.3"
    },
    "symfony/dom-crawler": {
        "version": "v5.1.2"
    },
    "symfony/dotenv": {
        "version": "v5.1.2"
    },
    "symfony/error-handler": {
        "version": "v5.1.2"
    },
    "symfony/event-dispatcher": {
        "version": "v5.1.2"
    },
    "symfony/event-dispatcher-contracts": {
        "version": "v2.1.3"
    },
    "symfony/filesystem": {
        "version": "v5.1.2"
    },
    "symfony/finder": {
        "version": "v5.1.2"
    },
    "symfony/flex": {
        "version": "1.0",
        "recipe": {
            "repo": "github.com/symfony/recipes",
            "branch": "master",
            "version": "1.0",
            "ref": "c0eeb50665f0f77226616b6038a9b06c03752d8e"
        },
        "files": [
            ".env"
        ]
    },
    "symfony/form": {
        "version": "v5.1.3"
    },
    "symfony/framework-bundle": {
        "version": "5.1",
        "recipe": {
            "repo": "github.com/symfony/recipes",
            "branch": "master",
            "version": "5.1",
            "ref": "ffcb76bab779154c0a7d8cddb9f448c2c45a4e50"
        },
        "files": [
            "config/packages/cache.yaml",
            "config/packages/framework.yaml",
            "config/packages/test/framework.yaml",
            "config/routes/dev/framework.yaml",
            "config/services.yaml",
            "public/index.php",
            "src/Controller/.gitignore",
            "src/Kernel.php"
        ]
    },
    "symfony/http-client": {
        "version": "v5.1.2"
    },
    "symfony/http-client-contracts": {
        "version": "v2.1.3"
    },
    "symfony/http-foundation": {
        "version": "v5.1.2"
    },
    "symfony/http-kernel": {
        "version": "v5.1.2"
    },
    "symfony/intl": {
        "version": "v5.1.2"
    },
    "symfony/maker-bundle": {
        "version": "1.0",
        "recipe": {
            "repo": "github.com/symfony/recipes",
            "branch": "master",
            "version": "1.0",
            "ref": "fadbfe33303a76e25cb63401050439aa9b1a9c7f"
        }
    },
    "symfony/mime": {
        "version": "v5.4.2"
    },
    "symfony/monolog-bridge": {
        "version": "v5.1.2"
    },
    "symfony/monolog-bundle": {
        "version": "3.3",
        "recipe": {
            "repo": "github.com/symfony/recipes",
            "branch": "master",
            "version": "3.3",
            "ref": "d7249f7d560f6736115eee1851d02a65826f0a56"
        },
        "files": [
            "config/packages/dev/monolog.yaml",
            "config/packages/prod/deprecations.yaml",
            "config/packages/prod/monolog.yaml",
            "config/packages/test/monolog.yaml"
        ]
    },
    "symfony/options-resolver": {
        "version": "v5.1.2"
    },
    "symfony/password-hasher": {
        "version": "v5.3.8"
    },
    "symfony/phpunit-bridge": {
        "version": "4.3",
        "recipe": {
            "repo": "github.com/symfony/recipes",
            "branch": "master",
            "version": "4.3",
            "ref": "6d0e35f749d5f4bfe1f011762875275cd3f9874f"
        },
        "files": [
            ".env.test",
            "bin/phpunit",
            "phpunit.xml.dist",
            "tests/bootstrap.php"
        ]
    },
    "symfony/polyfill-intl-grapheme": {
        "version": "v1.18.0"
    },
    "symfony/polyfill-intl-icu": {
        "version": "v1.18.0"
    },
    "symfony/polyfill-intl-idn": {
        "version": "v1.18.0"
    },
    "symfony/polyfill-intl-normalizer": {
        "version": "v1.18.0"
    },
    "symfony/polyfill-mbstring": {
        "version": "v1.18.0"
    },
    "symfony/polyfill-php81": {
        "version": "v1.23.0"
    },
    "symfony/polyfill-uuid": {
        "version": "v1.18.0"
    },
    "symfony/property-access": {
        "version": "v5.1.3"
    },
    "symfony/property-info": {
        "version": "v5.1.3"
    },
    "symfony/routing": {
        "version": "5.1",
        "recipe": {
            "repo": "github.com/symfony/recipes",
            "branch": "master",
            "version": "5.1",
            "ref": "b4f3e7c95e38b606eef467e8a42a8408fc460c43"
        },
        "files": [
            "config/packages/prod/routing.yaml",
            "config/packages/routing.yaml",
            "config/routes.yaml"
        ]
    },
    "symfony/runtime": {
        "version": "v5.3.4"
    },
    "symfony/security-core": {
        "version": "v5.3.8"
    },
    "symfony/security-csrf": {
        "version": "v5.3.4"
    },
    "symfony/service-contracts": {
        "version": "v2.1.3"
    },
    "symfony/stopwatch": {
        "version": "v5.1.2"
    },
    "symfony/string": {
        "version": "v5.1.2"
    },
    "symfony/translation": {
        "version": "3.3",
        "recipe": {
            "repo": "github.com/symfony/recipes",
            "branch": "master",
            "version": "3.3",
            "ref": "2ad9d2545bce8ca1a863e50e92141f0b9d87ffcd"
        },
        "files": [
            "config/packages/translation.yaml",
            "translations/.gitignore"
        ]
    },
    "symfony/translation-contracts": {
        "version": "v2.1.3"
    },
    "symfony/twig-bridge": {
        "version": "v5.1.2"
    },
    "symfony/twig-bundle": {
        "version": "5.0",
        "recipe": {
            "repo": "github.com/symfony/recipes",
            "branch": "master",
            "version": "5.0",
            "ref": "fab9149bbaa4d5eca054ed93f9e1b66cc500895d"
        },
        "files": [
            "config/packages/test/twig.yaml",
            "config/packages/twig.yaml",
            "templates/base.html.twig"
        ]
    },
    "symfony/validator": {
        "version": "4.3",
        "recipe": {
            "repo": "github.com/symfony/recipes",
            "branch": "master",
            "version": "4.3",
            "ref": "d902da3e4952f18d3bf05aab29512eb61cabd869"
        },
        "files": [
            "config/packages/test/validator.yaml",
            "config/packages/validator.yaml"
        ]
    },
    "symfony/var-dumper": {
        "version": "v5.1.2"
    },
    "symfony/var-exporter": {
        "version": "v5.1.2"
    },
    "symfony/web-profiler-bundle": {
        "version": "3.3",
        "recipe": {
            "repo": "github.com/symfony/recipes",
            "branch": "master",
            "version": "3.3",
            "ref": "6bdfa1a95f6b2e677ab985cd1af2eae35d62e0f6"
        },
        "files": [
            "config/packages/dev/web_profiler.yaml",
            "config/packages/test/web_profiler.yaml",
            "config/routes/dev/web_profiler.yaml"
        ]
    },
    "symfony/webpack-encore-bundle": {
        "version": "1.9",
        "recipe": {
            "repo": "github.com/symfony/recipes",
            "branch": "master",
            "version": "1.9",
            "ref": "579d8de06df2ceb34d39e84e84c0c051b9b5ac68"
        },
        "files": [
            "assets/app.js",
            "assets/bootstrap.js",
            "assets/controllers.json",
            "assets/controllers/hello_controller.js",
            "assets/styles/app.css",
            "config/packages/assets.yaml",
            "config/packages/prod/webpack_encore.yaml",
            "config/packages/test/webpack_encore.yaml",
            "config/packages/webpack_encore.yaml",
            "package.json",
            "webpack.config.js"
        ]
    },
    "symfony/yaml": {
        "version": "v5.1.2"
    },
    "twig/intl-extra": {
        "version": "v3.0.4"
    },
    "twig/string-extra": {
        "version": "v3.0.4"
    },
    "twig/twig": {
        "version": "v3.0.4"
    }
}
